// !$*UTF8*$!
{
	archiveVersion = 1;
	classes = {
	};
	objectVersion = 46;
	objects = {

/* Begin PBXBuildFile section */
		526A1BD01D132D840022BC37 /* main.m in Sources */ = {isa = PBXBuildFile; fileRef = 526A1BCF1D132D840022BC37 /* main.m */; };
		526A1BD31D132D840022BC37 /* AppDelegate.m in Sources */ = {isa = PBXBuildFile; fileRef = 526A1BD21D132D840022BC37 /* AppDelegate.m */; };
		526A1BD61D132D840022BC37 /* ViewController.m in Sources */ = {isa = PBXBuildFile; fileRef = 526A1BD51D132D840022BC37 /* ViewController.m */; };
		526A1BD91D132D840022BC37 /* Main.storyboard in Resources */ = {isa = PBXBuildFile; fileRef = 526A1BD71D132D840022BC37 /* Main.storyboard */; };
		526A1BDB1D132D840022BC37 /* Assets.xcassets in Resources */ = {isa = PBXBuildFile; fileRef = 526A1BDA1D132D840022BC37 /* Assets.xcassets */; };
		526A1BDE1D132D840022BC37 /* LaunchScreen.storyboard in Resources */ = {isa = PBXBuildFile; fileRef = 526A1BDC1D132D840022BC37 /* LaunchScreen.storyboard */; };
		526A1BE91D132D840022BC37 /* _ndHandTests.m in Sources */ = {isa = PBXBuildFile; fileRef = 526A1BE81D132D840022BC37 /* _ndHandTests.m */; };
		526A1BF41D132D850022BC37 /* _ndHandUITests.m in Sources */ = {isa = PBXBuildFile; fileRef = 526A1BF31D132D850022BC37 /* _ndHandUITests.m */; };
		52AD94801D1F233900527A6E /* 2ndHandWS.m in Sources */ = {isa = PBXBuildFile; fileRef = 52AD947F1D1F233900527A6E /* 2ndHandWS.m */; };
/* End PBXBuildFile section */

/* Begin PBXContainerItemProxy section */
		526A1BE51D132D840022BC37 /* PBXContainerItemProxy */ = {
			isa = PBXContainerItemProxy;
			containerPortal = 526A1BC31D132D840022BC37 /* Project object */;
			proxyType = 1;
			remoteGlobalIDString = 526A1BCA1D132D840022BC37;
			remoteInfo = 2ndHand;
		};
		526A1BF01D132D850022BC37 /* PBXContainerItemProxy */ = {
			isa = PBXContainerItemProxy;
			containerPortal = 526A1BC31D132D840022BC37 /* Project object */;
			proxyType = 1;
			remoteGlobalIDString = 526A1BCA1D132D840022BC37;
			remoteInfo = 2ndHand;
		};
/* End PBXContainerItemProxy section */

/* Begin PBXFileReference section */
		526A1BCB1D132D840022BC37 /* 2ndHand.app */ = {isa = PBXFileReference; explicitFileType = wrapper.application; includeInIndex = 0; path = 2ndHand.app; sourceTree = BUILT_PRODUCTS_DIR; };
		526A1BCF1D132D840022BC37 /* main.m */ = {isa = PBXFileReference; lastKnownFileType = sourcecode.c.objc; path = main.m; sourceTree = "<group>"; };
		526A1BD11D132D840022BC37 /* AppDelegate.h */ = {isa = PBXFileReference; lastKnownFileType = sourcecode.c.h; path = AppDelegate.h; sourceTree = "<group>"; };
		526A1BD21D132D840022BC37 /* AppDelegate.m */ = {isa = PBXFileReference; lastKnownFileType = sourcecode.c.objc; path = AppDelegate.m; sourceTree = "<group>"; };
		526A1BD41D132D840022BC37 /* ViewController.h */ = {isa = PBXFileReference; lastKnownFileType = sourcecode.c.h; path = ViewController.h; sourceTree = "<group>"; };
		526A1BD51D132D840022BC37 /* ViewController.m */ = {isa = PBXFileReference; lastKnownFileType = sourcecode.c.objc; path = ViewController.m; sourceTree = "<group>"; };
		526A1BD81D132D840022BC37 /* Base */ = {isa = PBXFileReference; lastKnownFileType = file.storyboard; name = Base; path = Base.lproj/Main.storyboard; sourceTree = "<group>"; };
		526A1BDA1D132D840022BC37 /* Assets.xcassets */ = {isa = PBXFileReference; lastKnownFileType = folder.assetcatalog; path = Assets.xcassets; sourceTree = "<group>"; };
		526A1BDD1D132D840022BC37 /* Base */ = {isa = PBXFileReference; lastKnownFileType = file.storyboard; name = Base; path = Base.lproj/LaunchScreen.storyboard; sourceTree = "<group>"; };
		526A1BDF1D132D840022BC37 /* Info.plist */ = {isa = PBXFileReference; lastKnownFileType = text.plist.xml; path = Info.plist; sourceTree = "<group>"; };
		526A1BE41D132D840022BC37 /* 2ndHandTests.xctest */ = {isa = PBXFileReference; explicitFileType = wrapper.cfbundle; includeInIndex = 0; path = 2ndHandTests.xctest; sourceTree = BUILT_PRODUCTS_DIR; };
		526A1BE81D132D840022BC37 /* _ndHandTests.m */ = {isa = PBXFileReference; lastKnownFileType = sourcecode.c.objc; path = _ndHandTests.m; sourceTree = "<group>"; };
		526A1BEA1D132D840022BC37 /* Info.plist */ = {isa = PBXFileReference; lastKnownFileType = text.plist.xml; path = Info.plist; sourceTree = "<group>"; };
		526A1BEF1D132D850022BC37 /* 2ndHandUITests.xctest */ = {isa = PBXFileReference; explicitFileType = wrapper.cfbundle; includeInIndex = 0; path = 2ndHandUITests.xctest; sourceTree = BUILT_PRODUCTS_DIR; };
		526A1BF31D132D850022BC37 /* _ndHandUITests.m */ = {isa = PBXFileReference; lastKnownFileType = sourcecode.c.objc; path = _ndHandUITests.m; sourceTree = "<group>"; };
		526A1BF51D132D850022BC37 /* Info.plist */ = {isa = PBXFileReference; lastKnownFileType = text.plist.xml; path = Info.plist; sourceTree = "<group>"; };
		52AD947F1D1F233900527A6E /* 2ndHandWS.m */ = {isa = PBXFileReference; fileEncoding = 4; lastKnownFileType = sourcecode.c.objc; path = 2ndHandWS.m; sourceTree = "<group>"; };
/* End PBXFileReference section */

/* Begin PBXFrameworksBuildPhase section */
		526A1BC81D132D840022BC37 /* Frameworks */ = {
			isa = PBXFrameworksBuildPhase;
			buildActionMask = 2147483647;
			files = (
			);
			runOnlyForDeploymentPostprocessing = 0;
		};
		526A1BE11D132D840022BC37 /* Frameworks */ = {
			isa = PBXFrameworksBuildPhase;
			buildActionMask = 2147483647;
			files = (
			);
			runOnlyForDeploymentPostprocessing = 0;
		};
		526A1BEC1D132D850022BC37 /* Frameworks */ = {
			isa = PBXFrameworksBuildPhase;
			buildActionMask = 2147483647;
			files = (
			);
			runOnlyForDeploymentPostprocessing = 0;
		};
/* End PBXFrameworksBuildPhase section */

/* Begin PBXGroup section */
		526A1BC21D132D840022BC37 = {
			isa = PBXGroup;
			children = (
				52AD947F1D1F233900527A6E /* 2ndHandWS.m */,
				526A1BCD1D132D840022BC37 /* 2ndHand */,
				526A1BE71D132D840022BC37 /* 2ndHandTests */,
				526A1BF21D132D850022BC37 /* 2ndHandUITests */,
				526A1BCC1D132D840022BC37 /* Products */,
			);
			sourceTree = "<group>";
		};
		526A1BCC1D132D840022BC37 /* Products */ = {
			isa = PBXGroup;
			children = (
				526A1BCB1D132D840022BC37 /* 2ndHand.app */,
				526A1BE41D132D840022BC37 /* 2ndHandTests.xctest */,
				526A1BEF1D132D850022BC37 /* 2ndHandUITests.xctest */,
			);
			name = Products;
			sourceTree = "<group>";
		};
		526A1BCD1D132D840022BC37 /* 2ndHand */ = {
			isa = PBXGroup;
			children = (
				526A1BD41D132D840022BC37 /* ViewController.h */,
				526A1BD51D132D840022BC37 /* ViewController.m */,
				526A1BD71D132D840022BC37 /* Main.storyboard */,
				526A1BCE1D132D840022BC37 /* Supporting Files */,
			);
			path = 2ndHand;
			sourceTree = "<group>";
		};
		526A1BCE1D132D840022BC37 /* Supporting Files */ = {
			isa = PBXGroup;
			children = (
				526A1BDF1D132D840022BC37 /* Info.plist */,
				526A1BD11D132D840022BC37 /* AppDelegate.h */,
				526A1BDA1D132D840022BC37 /* Assets.xcassets */,
				526A1BD21D132D840022BC37 /* AppDelegate.m */,
				526A1BDC1D132D840022BC37 /* LaunchScreen.storyboard */,
				526A1BCF1D132D840022BC37 /* main.m */,
			);
			name = "Supporting Files";
			sourceTree = "<group>";
		};
		526A1BE71D132D840022BC37 /* 2ndHandTests */ = {
			isa = PBXGroup;
			children = (
				526A1BE81D132D840022BC37 /* _ndHandTests.m */,
				526A1BEA1D132D840022BC37 /* Info.plist */,
			);
			path = 2ndHandTests;
			sourceTree = "<group>";
		};
		526A1BF21D132D850022BC37 /* 2ndHandUITests */ = {
			isa = PBXGroup;
			children = (
				526A1BF31D132D850022BC37 /* _ndHandUITests.m */,
				526A1BF51D132D850022BC37 /* Info.plist */,
			);
			path = 2ndHandUITests;
			sourceTree = "<group>";
		};
/* End PBXGroup section */

/* Begin PBXNativeTarget section */
		526A1BCA1D132D840022BC37 /* 2ndHand */ = {
			isa = PBXNativeTarget;
			buildConfigurationList = 526A1BF81D132D850022BC37 /* Build configuration list for PBXNativeTarget "2ndHand" */;
			buildPhases = (
				526A1BC71D132D840022BC37 /* Sources */,
				526A1BC81D132D840022BC37 /* Frameworks */,
				526A1BC91D132D840022BC37 /* Resources */,
			);
			buildRules = (
			);
			dependencies = (
			);
			name = 2ndHand;
			productName = 2ndHand;
			productReference = 526A1BCB1D132D840022BC37 /* 2ndHand.app */;
			productType = "com.apple.product-type.application";
		};
		526A1BE31D132D840022BC37 /* 2ndHandTests */ = {
			isa = PBXNativeTarget;
			buildConfigurationList = 526A1BFB1D132D850022BC37 /* Build configuration list for PBXNativeTarget "2ndHandTests" */;
			buildPhases = (
				526A1BE01D132D840022BC37 /* Sources */,
				526A1BE11D132D840022BC37 /* Frameworks */,
				526A1BE21D132D840022BC37 /* Resources */,
			);
			buildRules = (
			);
			dependencies = (
				526A1BE61D132D840022BC37 /* PBXTargetDependency */,
			);
			name = 2ndHandTests;
			productName = 2ndHandTests;
			productReference = 526A1BE41D132D840022BC37 /* 2ndHandTests.xctest */;
			productType = "com.apple.product-type.bundle.unit-test";
		};
		526A1BEE1D132D850022BC37 /* 2ndHandUITests */ = {
			isa = PBXNativeTarget;
			buildConfigurationList = 526A1BFE1D132D850022BC37 /* Build configuration list for PBXNativeTarget "2ndHandUITests" */;
			buildPhases = (
				526A1BEB1D132D850022BC37 /* Sources */,
				526A1BEC1D132D850022BC37 /* Frameworks */,
				526A1BED1D132D850022BC37 /* Resources */,
			);
			buildRules = (
			);
			dependencies = (
				526A1BF11D132D850022BC37 /* PBXTargetDependency */,
			);
			name = 2ndHandUITests;
			productName = 2ndHandUITests;
			productReference = 526A1BEF1D132D850022BC37 /* 2ndHandUITests.xctest */;
			productType = "com.apple.product-type.bundle.ui-testing";
		};
/* End PBXNativeTarget section */

/* Begin PBXProject section */
		526A1BC31D132D840022BC37 /* Project object */ = {
			isa = PBXProject;
			attributes = {
				LastUpgradeCheck = 0730;
				ORGANIZATIONNAME = itmatters;
				TargetAttributes = {
					526A1BCA1D132D840022BC37 = {
						CreatedOnToolsVersion = 7.3.1;
					};
					526A1BE31D132D840022BC37 = {
						CreatedOnToolsVersion = 7.3.1;
						TestTargetID = 526A1BCA1D132D840022BC37;
					};
					526A1BEE1D132D850022BC37 = {
						CreatedOnToolsVersion = 7.3.1;
						TestTargetID = 526A1BCA1D132D840022BC37;
					};
				};
			};
			buildConfigurationList = 526A1BC61D132D840022BC37 /* Build configuration list for PBXProject "2ndHand" */;
			compatibilityVersion = "Xcode 3.2";
			developmentRegion = English;
			hasScannedForEncodings = 0;
			knownRegions = (
				en,
				Base,
			);
			mainGroup = 526A1BC21D132D840022BC37;
			productRefGroup = 526A1BCC1D132D840022BC37 /* Products */;
			projectDirPath = "";
			projectRoot = "";
			targets = (
				526A1BCA1D132D840022BC37 /* 2ndHand */,
				526A1BE31D132D840022BC37 /* 2ndHandTests */,
				526A1BEE1D132D850022BC37 /* 2ndHandUITests */,
			);
		};
/* End PBXProject section */

/* Begin PBXResourcesBuildPhase section */
		526A1BC91D132D840022BC37 /* Resources */ = {
			isa = PBXResourcesBuildPhase;
			buildActionMask = 2147483647;
			files = (
				526A1BDE1D132D840022BC37 /* LaunchScreen.storyboard in Resources */,
				526A1BDB1D132D840022BC37 /* Assets.xcassets in Resources */,
				526A1BD91D132D840022BC37 /* Main.storyboard in Resources */,
			);
			runOnlyForDeploymentPostprocessing = 0;
		};
		526A1BE21D132D840022BC37 /* Resources */ = {
			isa = PBXResourcesBuildPhase;
			buildActionMask = 2147483647;
			files = (
			);
			runOnlyForDeploymentPostprocessing = 0;
		};
		526A1BED1D132D850022BC37 /* Resources */ = {
			isa = PBXResourcesBuildPhase;
			buildActionMask = 2147483647;
			files = (
			);
			runOnlyForDeploymentPostprocessing = 0;
		};
/* End PBXResourcesBuildPhase section */

/* Begin PBXSourcesBuildPhase section */
		526A1BC71D132D840022BC37 /* Sources */ = {
			isa = PBXSourcesBuildPhase;
			buildActionMask = 2147483647;
			files = (
				526A1BD61D132D840022BC37 /* ViewController.m in Sources */,
				526A1BD31D132D840022BC37 /* AppDelegate.m in Sources */,
				526A1BD01D132D840022BC37 /* main.m in Sources */,
				52AD94801D1F233900527A6E /* 2ndHandWS.m in Sources */,
			);
			runOnlyForDeploymentPostprocessing = 0;
		};
		526A1BE01D132D840022BC37 /* Sources */ = {
			isa = PBXSourcesBuildPhase;
			buildActionMask = 2147483647;
			files = (
				526A1BE91D132D840022BC37 /* _ndHandTests.m in Sources */,
			);
			runOnlyForDeploymentPostprocessing = 0;
		};
		526A1BEB1D132D850022BC37 /* Sources */ = {
			isa = PBXSourcesBuildPhase;
			buildActionMask = 2147483647;
			files = (
				526A1BF41D132D850022BC37 /* _ndHandUITests.m in Sources */,
			);
			runOnlyForDeploymentPostprocessing = 0;
		};
/* End PBXSourcesBuildPhase section */

/* Begin PBXTargetDependency section */
		526A1BE61D132D840022BC37 /* PBXTargetDependency */ = {
			isa = PBXTargetDependency;
			target = 526A1BCA1D132D840022BC37 /* 2ndHand */;
			targetProxy = 526A1BE51D132D840022BC37 /* PBXContainerItemProxy */;
		};
		526A1BF11D132D850022BC37 /* PBXTargetDependency */ = {
			isa = PBXTargetDependency;
			target = 526A1BCA1D132D840022BC37 /* 2ndHand */;
			targetProxy = 526A1BF01D132D850022BC37 /* PBXContainerItemProxy */;
		};
/* End PBXTargetDependency section */

/* Begin PBXVariantGroup section */
		526A1BD71D132D840022BC37 /* Main.storyboard */ = {
			isa = PBXVariantGroup;
			children = (
				526A1BD81D132D840022BC37 /* Base */,
			);
			name = Main.storyboard;
			sourceTree = "<group>";
		};
		526A1BDC1D132D840022BC37 /* LaunchScreen.storyboard */ = {
			isa = PBXVariantGroup;
			children = (
				526A1BDD1D132D840022BC37 /* Base */,
			);
			name = LaunchScreen.storyboard;
			sourceTree = "<group>";
		};
/* End PBXVariantGroup section */

/* Begin XCBuildConfiguration section */
		526A1BF61D132D850022BC37 /* Debug */ = {
			isa = XCBuildConfiguration;
			buildSettings = {
				ALWAYS_SEARCH_USER_PATHS = NO;
				CLANG_ANALYZER_NONNULL = YES;
				CLANG_CXX_LANGUAGE_STANDARD = "gnu++0x";
				CLANG_CXX_LIBRARY = "libc++";
				CLANG_ENABLE_MODULES = YES;
				CLANG_ENABLE_OBJC_ARC = YES;
				CLANG_WARN_BOOL_CONVERSION = YES;
				CLANG_WARN_CONSTANT_CONVERSION = YES;
				CLANG_WARN_DIRECT_OBJC_ISA_USAGE = YES_ERROR;
				CLANG_WARN_EMPTY_BODY = YES;
				CLANG_WARN_ENUM_CONVERSION = YES;
				CLANG_WARN_INT_CONVERSION = YES;
				CLANG_WARN_OBJC_ROOT_CLASS = YES_ERROR;
				CLANG_WARN_UNREACHABLE_CODE = YES;
				CLANG_WARN__DUPLICATE_METHOD_MATCH = YES;
				"CODE_SIGN_IDENTITY[sdk=iphoneos*]" = "iPhone Developer";
				COPY_PHASE_STRIP = NO;
				DEBUG_INFORMATION_FORMAT = dwarf;
				ENABLE_STRICT_OBJC_MSGSEND = YES;
				ENABLE_TESTABILITY = YES;
				GCC_C_LANGUAGE_STANDARD = gnu99;
				GCC_DYNAMIC_NO_PIC = NO;
				GCC_NO_COMMON_BLOCKS = YES;
				GCC_OPTIMIZATION_LEVEL = 0;
				GCC_PREPROCESSOR_DEFINITIONS = (
					"DEBUG=1",
					"$(inherited)",
				);
				GCC_WARN_64_TO_32_BIT_CONVERSION = YES;
				GCC_WARN_ABOUT_RETURN_TYPE = YES_ERROR;
				GCC_WARN_UNDECLARED_SELECTOR = YES;
				GCC_WARN_UNINITIALIZED_AUTOS = YES_AGGRESSIVE;
				GCC_WARN_UNUSED_FUNCTION = YES;
				GCC_WARN_UNUSED_VARIABLE = YES;
				IPHONEOS_DEPLOYMENT_TARGET = 9.3;
				MTL_ENABLE_DEBUG_INFO = YES;
				ONLY_ACTIVE_ARCH = YES;
				SDKROOT = iphoneos;
				TARGETED_DEVICE_FAMILY = "1,2";
			};
			name = Debug;
		};
		526A1BF71D132D850022BC37 /* Release */ = {
			isa = XCBuildConfiguration;
			buildSettings = {
				ALWAYS_SEARCH_USER_PATHS = NO;
				CLANG_ANALYZER_NONNULL = YES;
				CLANG_CXX_LANGUAGE_STANDARD = "gnu++0x";
				CLANG_CXX_LIBRARY = "libc++";
				CLANG_ENABLE_MODULES = YES;
				CLANG_ENABLE_OBJC_ARC = YES;
				CLANG_WARN_BOOL_CONVERSION = YES;
				CLANG_WARN_CONSTANT_CONVERSION = YES;
				CLANG_WARN_DIRECT_OBJC_ISA_USAGE = YES_ERROR;
				CLANG_WARN_EMPTY_BODY = YES;
				CLANG_WARN_ENUM_CONVERSION = YES;
				CLANG_WARN_INT_CONVERSION = YES;
				CLANG_WARN_OBJC_ROOT_CLASS = YES_ERROR;
				CLANG_WARN_UNREACHABLE_CODE = YES;
				CLANG_WARN__DUPLICATE_METHOD_MATCH = YES;
				"CODE_SIGN_IDENTITY[sdk=iphoneos*]" = "iPhone Developer";
				COPY_PHASE_STRIP = NO;
				DEBUG_INFORMATION_FORMAT = "dwarf-with-dsym";
				ENABLE_NS_ASSERTIONS = NO;
				ENABLE_STRICT_OBJC_MSGSEND = YES;
				GCC_C_LANGUAGE_STANDARD = gnu99;
				GCC_NO_COMMON_BLOCKS = YES;
				GCC_WARN_64_TO_32_BIT_CONVERSION = YES;
				GCC_WARN_ABOUT_RETURN_TYPE = YES_ERROR;
				GCC_WARN_UNDECLARED_SELECTOR = YES;
				GCC_WARN_UNINITIALIZED_AUTOS = YES_AGGRESSIVE;
				GCC_WARN_UNUSED_FUNCTION = YES;
				GCC_WARN_UNUSED_VARIABLE = YES;
				IPHONEOS_DEPLOYMENT_TARGET = 9.3;
				MTL_ENABLE_DEBUG_INFO = NO;
				SDKROOT = iphoneos;
				TARGETED_DEVICE_FAMILY = "1,2";
				VALIDATE_PRODUCT = YES;
			};
			name = Release;
		};
		526A1BF91D132D850022BC37 /* Debug */ = {
			isa = XCBuildConfiguration;
			buildSettings = {
				ASSETCATALOG_COMPILER_APPICON_NAME = AppIcon;
				INFOPLIST_FILE = 2ndHand/Info.plist;
				LD_RUNPATH_SEARCH_PATHS = "$(inherited) @executable_path/Frameworks";
				PRODUCT_BUNDLE_IDENTIFIER = "itmatters.-ndHand";
				PRODUCT_NAME = "$(TARGET_NAME)";
			};
			name = Debug;
		};
		526A1BFA1D132D850022BC37 /* Release */ = {
			isa = XCBuildConfiguration;
			buildSettings = {
				ASSETCATALOG_COMPILER_APPICON_NAME = AppIcon;
				INFOPLIST_FILE = 2ndHand/Info.plist;
				LD_RUNPATH_SEARCH_PATHS = "$(inherited) @executable_path/Frameworks";
				PRODUCT_BUNDLE_IDENTIFIER = "itmatters.-ndHand";
				PRODUCT_NAME = "$(TARGET_NAME)";
			};
			name = Release;
		};
		526A1BFC1D132D850022BC37 /* Debug */ = {
			isa = XCBuildConfiguration;
			buildSettings = {
				BUNDLE_LOADER = "$(TEST_HOST)";
				INFOPLIST_FILE = 2ndHandTests/Info.plist;
				LD_RUNPATH_SEARCH_PATHS = "$(inherited) @executable_path/Frameworks @loader_path/Frameworks";
				PRODUCT_BUNDLE_IDENTIFIER = "itmatters.-ndHandTests";
				PRODUCT_NAME = "$(TARGET_NAME)";
				TEST_HOST = "$(BUILT_PRODUCTS_DIR)/2ndHand.app/2ndHand";
			};
			name = Debug;
		};
		526A1BFD1D132D850022BC37 /* Release */ = {
			isa = XCBuildConfiguration;
			buildSettings = {
				BUNDLE_LOADER = "$(TEST_HOST)";
				INFOPLIST_FILE = 2ndHandTests/Info.plist;
				LD_RUNPATH_SEARCH_PATHS = "$(inherited) @executable_path/Frameworks @loader_path/Frameworks";
				PRODUCT_BUNDLE_IDENTIFIER = "itmatters.-ndHandTests";
				PRODUCT_NAME = "$(TARGET_NAME)";
				TEST_HOST = "$(BUILT_PRODUCTS_DIR)/2ndHand.app/2ndHand";
			};
			name = Release;
		};
		526A1BFF1D132D850022BC37 /* Debug */ = {
			isa = XCBuildConfiguration;
			buildSettings = {
				INFOPLIST_FILE = 2ndHandUITests/Info.plist;
				LD_RUNPATH_SEARCH_PATHS = "$(inherited) @executable_path/Frameworks @loader_path/Frameworks";
				PRODUCT_BUNDLE_IDENTIFIER = "itmatters.-ndHandUITests";
				PRODUCT_NAME = "$(TARGET_NAME)";
				TEST_TARGET_NAME = 2ndHand;
			};
			name = Debug;
		};
		526A1C001D132D850022BC37 /* Release */ = {
			isa = XCBuildConfiguration;
			buildSettings = {
				INFOPLIST_FILE = 2ndHandUITests/Info.plist;
				LD_RUNPATH_SEARCH_PATHS = "$(inherited) @executable_path/Frameworks @loader_path/Frameworks";
				PRODUCT_BUNDLE_IDENTIFIER = "itmatters.-ndHandUITests";
				PRODUCT_NAME = "$(TARGET_NAME)";
				TEST_TARGET_NAME = 2ndHand;
			};
			name = Release;
		};
/* End XCBuildConfiguration section */

/* Begin XCConfigurationList section */
		526A1BC61D132D840022BC37 /* Build configuration list for PBXProject "2ndHand" */ = {
			isa = XCConfigurationList;
			buildConfigurations = (
				526A1BF61D132D850022BC37 /* Debug */,
				526A1BF71D132D850022BC37 /* Release */,
			);
			defaultConfigurationIsVisible = 0;
			defaultConfigurationName = Release;
		};
		526A1BF81D132D850022BC37 /* Build configuration list for PBXNativeTarget "2ndHand" */ = {
			isa = XCConfigurationList;
			buildConfigurations = (
				526A1BF91D132D850022BC37 /* Debug */,
				526A1BFA1D132D850022BC37 /* Release */,
			);
			defaultConfigurationIsVisible = 0;
			defaultConfigurationName = Release;
		};
		526A1BFB1D132D850022BC37 /* Build configuration list for PBXNativeTarget "2ndHandTests" */ = {
			isa = XCConfigurationList;
			buildConfigurations = (
				526A1BFC1D132D850022BC37 /* Debug */,
				526A1BFD1D132D850022BC37 /* Release */,
			);
			defaultConfigurationIsVisible = 0;
			defaultConfigurationName = Release;
		};
		526A1BFE1D132D850022BC37 /* Build configuration list for PBXNativeTarget "2ndHandUITests" */ = {
			isa = XCConfigurationList;
			buildConfigurations = (
				526A1BFF1D132D850022BC37 /* Debug */,
				526A1C001D132D850022BC37 /* Release */,
			);
			defaultConfigurationIsVisible = 0;
			defaultConfigurationName = Release;
		};
/* End XCConfigurationList section */
	};
	rootObject = 526A1BC31D132D840022BC37 /* Project object */;
}
